PODS:
  - ACPAnalytics (2.3.0):
    - ACPAnalytics/main (= 2.3.0)
    - ACPCore (>= 2.5.0)
  - ACPAnalytics/main (2.3.0):
    - ACPCore (>= 2.5.0)
  - ACPCore (2.7.5):
    - ACPCore/main (= 2.7.5)
  - ACPCore/main (2.7.5)
  - ACPGriffon (1.1.3):
    - ACPCore
    - ACPGriffon/iOS (= 1.1.3)
  - ACPGriffon/iOS (1.1.3):
    - ACPCore
  - Flutter (1.0.0)
  - flutter_acpanalytics (0.0.1):
    - ACPAnalytics (~> 2.2)
    - Flutter
  - flutter_acpcore (0.0.1):
    - ACPCore (~> 2.5)
    - Flutter
  - flutter_griffon (0.0.1):
    - ACPAnalytics
    - ACPCore
    - ACPGriffon (= 1.1.3)
    - Flutter

DEPENDENCIES:
  - Flutter (from `Flutter`)
  - flutter_acpanalytics (from `.symlinks/plugins/flutter_acpanalytics/ios`)
  - flutter_acpcore (from `.symlinks/plugins/flutter_acpcore/ios`)
  - flutter_griffon (from `.symlinks/plugins/flutter_griffon/ios`)

SPEC REPOS:
  trunk:
    - ACPAnalytics
    - ACPCore
    - ACPGriffon

EXTERNAL SOURCES:
  Flutter:
    :path: Flutter
  flutter_acpanalytics:
    :path: ".symlinks/plugins/flutter_acpanalytics/ios"
  flutter_acpcore:
    :path: ".symlinks/plugins/flutter_acpcore/ios"
  flutter_griffon:
    :path: ".symlinks/plugins/flutter_griffon/ios"

SPEC CHECKSUMS:
  ACPAnalytics: 10b531c3c45f665748cf81a9e18f20266097605b
  ACPCore: 5608edce9d9bdef01da9a19201993fdb144dccf8
  ACPGriffon: f34c6e6fa4887a7de339f4fb9cf5fd9fbb82fe6e
  Flutter: 0e3d915762c693b495b44d77113d4970485de6ec
  flutter_acpanalytics: 6defc91357a7b4c292b0b67b7eda2ce8b89b02be
  flutter_acpcore: 781971fcbde815f237f85a4fb33539ffee53ab5d
  flutter_griffon: bcffcbf108bfbbee606c5779c2b70f1e69c74d4c

PODFILE CHECKSUM: a5ead389ae8478b2f010fbadad4f103eae9ff09f

COCOAPODS: 1.9.3
